
Microsoft Visual Studio Solution File, Format Version 12.00
# Visual Studio Version 16
VisualStudioVersion = 16.0.30128.74
MinimumVisualStudioVersion = 10.0.40219.1
Project("{9A19103F-16F7-4668-BE54-9A1E7A4F7556}") = "001 T2K0 Student", "001 T2K0 Student\001 T2K0 Student.csproj", "{B83DD340-52D2-4985-93D9-6B6BE954024C}"
EndProject
Project("{9A19103F-16F7-4668-BE54-9A1E7A4F7556}") = "002 T2K1 PC ein_ausschalten", "001 T2K1 PC ein_ausschalten\002 T2K1 PC ein_ausschalten.csproj", "{AD0F848F-4677-4DDA-A6B3-1F4FFCD8C844}"
EndProject
Project("{9A19103F-16F7-4668-BE54-9A1E7A4F7556}") = "003 T2K2 Uhrzeit", "003 T2K2 Uhrzeit\003 T2K2 Uhrzeit.csproj", "{8D9EF063-8BA5-49F8-828A-AED11D7C518B}"
EndProject
Project("{9A19103F-16F7-4668-BE54-9A1E7A4F7556}") = "004 T2K3 Kreis", "004 T2K3 Kreis\004 T2K3 Kreis.csproj", "{2F2FF5F2-54CB-447B-8C1A-F06740F3666A}"
EndProject
Project("{9A19103F-16F7-4668-BE54-9A1E7A4F7556}") = "005 T2K4 Ratespiel", "005 T2K4 Ratespiel\005 T2K4 Ratespiel.csproj", "{0DA8A8E6-70FB-496A-B161-CF67116DBFF9}"
EndProject
Project("{9A19103F-16F7-4668-BE54-9A1E7A4F7556}") = "006 T2K5 Hundezwinger", "006 T2K5 Hundezwinger\006 T2K5 Hundezwinger.csproj", "{123023D1-81AB-4DA8-BFBE-B86D063F2B35}"
EndProject
Project("{9A19103F-16F7-4668-BE54-9A1E7A4F7556}") = "007 T2K6 Kurs", "007 T2K6 Kurs\007 T2K6 Kurs.csproj", "{BFF7F8DD-BD94-44CA-86C2-F6F12ADC5057}"
EndProject
Project("{9A19103F-16F7-4668-BE54-9A1E7A4F7556}") = "008 T2K7 Konto", "008 T2K7 Konto\008 T2K7 Konto.csproj", "{502A966B-98AB-4F5D-9FC5-62240D0069D6}"
EndProject
Project("{9A19103F-16F7-4668-BE54-9A1E7A4F7556}") = "009 T2K8 Komplexe Zahl", "009 T2K8 Komplexe Zahl\009 T2K8 Komplexe Zahl.csproj", "{D1AF483B-8046-4E64-8084-D210B446D81F}"
EndProject
Project("{9A19103F-16F7-4668-BE54-9A1E7A4F7556}") = "010 T2K9 Punkt und Strecke", "010 T2K9 Punkt und Strecke\010 T2K9 Punkt und Strecke.csproj", "{2E080501-AA6C-4655-9011-58F7DED023DD}"
EndProject
Project("{FAE04EC0-301F-11D3-BF4B-00C04F79EFBC}") = "011 T2K10 Intervall", "011 T2K10 Intervall\011 T2K10 Intervall.csproj", "{286D1B4B-9BDF-4926-AF29-66918C663AE3}"
EndProject
Global
	GlobalSection(SolutionConfigurationPlatforms) = preSolution
		Debug|Any CPU = Debug|Any CPU
		Release|Any CPU = Release|Any CPU
	EndGlobalSection
	GlobalSection(ProjectConfigurationPlatforms) = postSolution
		{B83DD340-52D2-4985-93D9-6B6BE954024C}.Debug|Any CPU.ActiveCfg = Debug|Any CPU
		{B83DD340-52D2-4985-93D9-6B6BE954024C}.Debug|Any CPU.Build.0 = Debug|Any CPU
		{B83DD340-52D2-4985-93D9-6B6BE954024C}.Release|Any CPU.ActiveCfg = Release|Any CPU
		{B83DD340-52D2-4985-93D9-6B6BE954024C}.Release|Any CPU.Build.0 = Release|Any CPU
		{AD0F848F-4677-4DDA-A6B3-1F4FFCD8C844}.Debug|Any CPU.ActiveCfg = Debug|Any CPU
		{AD0F848F-4677-4DDA-A6B3-1F4FFCD8C844}.Debug|Any CPU.Build.0 = Debug|Any CPU
		{AD0F848F-4677-4DDA-A6B3-1F4FFCD8C844}.Release|Any CPU.ActiveCfg = Release|Any CPU
		{AD0F848F-4677-4DDA-A6B3-1F4FFCD8C844}.Release|Any CPU.Build.0 = Release|Any CPU
		{8D9EF063-8BA5-49F8-828A-AED11D7C518B}.Debug|Any CPU.ActiveCfg = Debug|Any CPU
		{8D9EF063-8BA5-49F8-828A-AED11D7C518B}.Debug|Any CPU.Build.0 = Debug|Any CPU
		{8D9EF063-8BA5-49F8-828A-AED11D7C518B}.Release|Any CPU.ActiveCfg = Release|Any CPU
		{8D9EF063-8BA5-49F8-828A-AED11D7C518B}.Release|Any CPU.Build.0 = Release|Any CPU
		{2F2FF5F2-54CB-447B-8C1A-F06740F3666A}.Debug|Any CPU.ActiveCfg = Debug|Any CPU
		{2F2FF5F2-54CB-447B-8C1A-F06740F3666A}.Debug|Any CPU.Build.0 = Debug|Any CPU
		{2F2FF5F2-54CB-447B-8C1A-F06740F3666A}.Release|Any CPU.ActiveCfg = Release|Any CPU
		{2F2FF5F2-54CB-447B-8C1A-F06740F3666A}.Release|Any CPU.Build.0 = Release|Any CPU
		{0DA8A8E6-70FB-496A-B161-CF67116DBFF9}.Debug|Any CPU.ActiveCfg = Debug|Any CPU
		{0DA8A8E6-70FB-496A-B161-CF67116DBFF9}.Debug|Any CPU.Build.0 = Debug|Any CPU
		{0DA8A8E6-70FB-496A-B161-CF67116DBFF9}.Release|Any CPU.ActiveCfg = Release|Any CPU
		{0DA8A8E6-70FB-496A-B161-CF67116DBFF9}.Release|Any CPU.Build.0 = Release|Any CPU
		{123023D1-81AB-4DA8-BFBE-B86D063F2B35}.Debug|Any CPU.ActiveCfg = Debug|Any CPU
		{123023D1-81AB-4DA8-BFBE-B86D063F2B35}.Debug|Any CPU.Build.0 = Debug|Any CPU
		{123023D1-81AB-4DA8-BFBE-B86D063F2B35}.Release|Any CPU.ActiveCfg = Release|Any CPU
		{123023D1-81AB-4DA8-BFBE-B86D063F2B35}.Release|Any CPU.Build.0 = Release|Any CPU
		{BFF7F8DD-BD94-44CA-86C2-F6F12ADC5057}.Debug|Any CPU.ActiveCfg = Debug|Any CPU
		{BFF7F8DD-BD94-44CA-86C2-F6F12ADC5057}.Debug|Any CPU.Build.0 = Debug|Any CPU
		{BFF7F8DD-BD94-44CA-86C2-F6F12ADC5057}.Release|Any CPU.ActiveCfg = Release|Any CPU
		{BFF7F8DD-BD94-44CA-86C2-F6F12ADC5057}.Release|Any CPU.Build.0 = Release|Any CPU
		{502A966B-98AB-4F5D-9FC5-62240D0069D6}.Debug|Any CPU.ActiveCfg = Debug|Any CPU
		{502A966B-98AB-4F5D-9FC5-62240D0069D6}.Debug|Any CPU.Build.0 = Debug|Any CPU
		{502A966B-98AB-4F5D-9FC5-62240D0069D6}.Release|Any CPU.ActiveCfg = Release|Any CPU
		{502A966B-98AB-4F5D-9FC5-62240D0069D6}.Release|Any CPU.Build.0 = Release|Any CPU
		{D1AF483B-8046-4E64-8084-D210B446D81F}.Debug|Any CPU.ActiveCfg = Debug|Any CPU
		{D1AF483B-8046-4E64-8084-D210B446D81F}.Debug|Any CPU.Build.0 = Debug|Any CPU
		{D1AF483B-8046-4E64-8084-D210B446D81F}.Release|Any CPU.ActiveCfg = Release|Any CPU
		{D1AF483B-8046-4E64-8084-D210B446D81F}.Release|Any CPU.Build.0 = Release|Any CPU
		{2E080501-AA6C-4655-9011-58F7DED023DD}.Debug|Any CPU.ActiveCfg = Debug|Any CPU
		{2E080501-AA6C-4655-9011-58F7DED023DD}.Debug|Any CPU.Build.0 = Debug|Any CPU
		{2E080501-AA6C-4655-9011-58F7DED023DD}.Release|Any CPU.ActiveCfg = Release|Any CPU
		{2E080501-AA6C-4655-9011-58F7DED023DD}.Release|Any CPU.Build.0 = Release|Any CPU
		{286D1B4B-9BDF-4926-AF29-66918C663AE3}.Debug|Any CPU.ActiveCfg = Debug|Any CPU
		{286D1B4B-9BDF-4926-AF29-66918C663AE3}.Debug|Any CPU.Build.0 = Debug|Any CPU
		{286D1B4B-9BDF-4926-AF29-66918C663AE3}.Release|Any CPU.ActiveCfg = Release|Any CPU
		{286D1B4B-9BDF-4926-AF29-66918C663AE3}.Release|Any CPU.Build.0 = Release|Any CPU
	EndGlobalSection
	GlobalSection(SolutionProperties) = preSolution
		HideSolutionNode = FALSE
	EndGlobalSection
	GlobalSection(ExtensibilityGlobals) = postSolution
		SolutionGuid = {B8FD0F1B-50C2-4C5F-9515-1225F777EE7D}
	EndGlobalSection
EndGlobal
